
Microsoft Visual Studio Solution File, Format Version 12.00
# Visual Studio Version 16
VisualStudioVersion = 16.0.31402.337
MinimumVisualStudioVersion = 10.0.40219.1
Project("{FAE04EC0-301F-11D3-BF4B-00C04F79EFBC}") = "MVCRecipeBook", "..\MVCRecipeBook\MVCRecipeBook.csproj", "{5FA13195-899A-4F91-AED2-581A44A2FDBF}"
EndProject
Global
	GlobalSection(SolutionConfigurationPlatforms) = preSolution
		Debug|Any CPU = Debug|Any CPU
		Release|Any CPU = Release|Any CPU
	EndGlobalSection
	GlobalSection(ProjectConfigurationPlatforms) = postSolution
		{5FA13195-899A-4F91-AED2-581A44A2FDBF}.Debug|Any CPU.ActiveCfg = Debug|Any CPU
		{5FA13195-899A-4F91-AED2-581A44A2FDBF}.Debug|Any CPU.Build.0 = Debug|Any CPU
		{5FA13195-899A-4F91-AED2-581A44A2FDBF}.Release|Any CPU.ActiveCfg = Release|Any CPU
		{5FA13195-899A-4F91-AED2-581A44A2FDBF}.Release|Any CPU.Build.0 = Release|Any CPU
	EndGlobalSection
	GlobalSection(SolutionProperties) = preSolution
		HideSolutionNode = FALSE
	EndGlobalSection
	GlobalSection(ExtensibilityGlobals) = postSolution
		SolutionGuid = {D9E0BEE4-B93E-4B0E-9014-417C5609EE45}
	EndGlobalSection
EndGlobal
